
Microsoft Visual Studio Solution File, Format Version 12.00
# Visual Studio 15
VisualStudioVersion = 15.0.28010.2003
MinimumVisualStudioVersion = 10.0.40219.1
Project("{FAE04EC0-301F-11D3-BF4B-00C04F79EFBC}") = "PHconnect-Web-App", "PHconnect-Web-App\PHconnect-Web-App.csproj", "{4CAEA77A-F816-48A9-B287-1C445C83F7F2}"
EndProject
Global
	GlobalSection(SolutionConfigurationPlatforms) = preSolution
		Debug|Any CPU = Debug|Any CPU
		Release|Any CPU = Release|Any CPU
	EndGlobalSection
	GlobalSection(ProjectConfigurationPlatforms) = postSolution
		{4CAEA77A-F816-48A9-B287-1C445C83F7F2}.Debug|Any CPU.ActiveCfg = Debug|Any CPU
		{4CAEA77A-F816-48A9-B287-1C445C83F7F2}.Debug|Any CPU.Build.0 = Debug|Any CPU
		{4CAEA77A-F816-48A9-B287-1C445C83F7F2}.Release|Any CPU.ActiveCfg = Release|Any CPU
		{4CAEA77A-F816-48A9-B287-1C445C83F7F2}.Release|Any CPU.Build.0 = Release|Any CPU
	EndGlobalSection
	GlobalSection(SolutionProperties) = preSolution
		HideSolutionNode = FALSE
	EndGlobalSection
	GlobalSection(ExtensibilityGlobals) = postSolution
		SolutionGuid = {04344C4D-E178-4D28-AF05-6DD698C6F4FB}
	EndGlobalSection
EndGlobal
